
Microsoft Visual Studio Solution File, Format Version 12.00
# Visual Studio Version 17
VisualStudioVersion = 17.1.32210.238
MinimumVisualStudioVersion = 10.0.40219.1
Project("{9A19103F-16F7-4668-BE54-9A1E7A4F7556}") = "FolkDanceTime.Bll", "FolkDanceTime.Bll\FolkDanceTime.Bll.csproj", "{64F71152-76A4-4256-9A3C-4DCA1ACDD123}"
EndProject
Project("{9A19103F-16F7-4668-BE54-9A1E7A4F7556}") = "FolkDanceTime.Dal", "FolkDanceTime.Dal\FolkDanceTime.Dal.csproj", "{36C9F821-8033-4129-8815-2369DFB6D0EC}"
EndProject
Project("{2150E333-8FDC-42A3-9474-1A3956D46DE8}") = "Solution Items", "Solution Items", "{0255932A-334E-4C52-86AC-15F7B92C0BED}"
	ProjectSection(SolutionItems) = preProject
		.editorconfig = .editorconfig
	EndProjectSection
EndProject
Project("{9A19103F-16F7-4668-BE54-9A1E7A4F7556}") = "FolkDanceTime.Api", "FolkDanceTime.Api\FolkDanceTime.Api.csproj", "{5ED9FE49-A8B3-4EB2-93AB-35C29A826955}"
EndProject
Project("{9A19103F-16F7-4668-BE54-9A1E7A4F7556}") = "FolkDanceTime.Web", "FolkDanceTime.Web\FolkDanceTime.Web.csproj", "{808D71E7-9D13-4A58-9AA5-D404BFFEF79C}"
EndProject
Project("{9A19103F-16F7-4668-BE54-9A1E7A4F7556}") = "FolkDanceTime.Shared", "FolkDanceTime.Shared\FolkDanceTime.Shared.csproj", "{01535417-1178-4B9D-8197-1477DDFC5A56}"
EndProject
Global
	GlobalSection(SolutionConfigurationPlatforms) = preSolution
		Debug|Any CPU = Debug|Any CPU
		Release|Any CPU = Release|Any CPU
	EndGlobalSection
	GlobalSection(ProjectConfigurationPlatforms) = postSolution
		{64F71152-76A4-4256-9A3C-4DCA1ACDD123}.Debug|Any CPU.ActiveCfg = Debug|Any CPU
		{64F71152-76A4-4256-9A3C-4DCA1ACDD123}.Debug|Any CPU.Build.0 = Debug|Any CPU
		{64F71152-76A4-4256-9A3C-4DCA1ACDD123}.Release|Any CPU.ActiveCfg = Release|Any CPU
		{64F71152-76A4-4256-9A3C-4DCA1ACDD123}.Release|Any CPU.Build.0 = Release|Any CPU
		{36C9F821-8033-4129-8815-2369DFB6D0EC}.Debug|Any CPU.ActiveCfg = Debug|Any CPU
		{36C9F821-8033-4129-8815-2369DFB6D0EC}.Debug|Any CPU.Build.0 = Debug|Any CPU
		{36C9F821-8033-4129-8815-2369DFB6D0EC}.Release|Any CPU.ActiveCfg = Release|Any CPU
		{36C9F821-8033-4129-8815-2369DFB6D0EC}.Release|Any CPU.Build.0 = Release|Any CPU
		{5ED9FE49-A8B3-4EB2-93AB-35C29A826955}.Debug|Any CPU.ActiveCfg = Debug|Any CPU
		{5ED9FE49-A8B3-4EB2-93AB-35C29A826955}.Debug|Any CPU.Build.0 = Debug|Any CPU
		{5ED9FE49-A8B3-4EB2-93AB-35C29A826955}.Release|Any CPU.ActiveCfg = Release|Any CPU
		{5ED9FE49-A8B3-4EB2-93AB-35C29A826955}.Release|Any CPU.Build.0 = Release|Any CPU
		{808D71E7-9D13-4A58-9AA5-D404BFFEF79C}.Debug|Any CPU.ActiveCfg = Debug|Any CPU
		{808D71E7-9D13-4A58-9AA5-D404BFFEF79C}.Debug|Any CPU.Build.0 = Debug|Any CPU
		{808D71E7-9D13-4A58-9AA5-D404BFFEF79C}.Release|Any CPU.ActiveCfg = Release|Any CPU
		{808D71E7-9D13-4A58-9AA5-D404BFFEF79C}.Release|Any CPU.Build.0 = Release|Any CPU
		{01535417-1178-4B9D-8197-1477DDFC5A56}.Debug|Any CPU.ActiveCfg = Debug|Any CPU
		{01535417-1178-4B9D-8197-1477DDFC5A56}.Debug|Any CPU.Build.0 = Debug|Any CPU
		{01535417-1178-4B9D-8197-1477DDFC5A56}.Release|Any CPU.ActiveCfg = Release|Any CPU
		{01535417-1178-4B9D-8197-1477DDFC5A56}.Release|Any CPU.Build.0 = Release|Any CPU
	EndGlobalSection
	GlobalSection(SolutionProperties) = preSolution
		HideSolutionNode = FALSE
	EndGlobalSection
	GlobalSection(ExtensibilityGlobals) = postSolution
		SolutionGuid = {F1D88814-373A-47D5-BC11-15182A1F7146}
	EndGlobalSection
EndGlobal
