
Microsoft Visual Studio Solution File, Format Version 12.00
# Visual Studio Version 17
VisualStudioVersion = 17.1.32210.238
MinimumVisualStudioVersion = 10.0.40219.1
Project("{9A19103F-16F7-4668-BE54-9A1E7A4F7556}") = "FolkDanceTime.Bll", "FolkDanceTime.Bll\FolkDanceTime.Bll.csproj", "{64F71152-76A4-4256-9A3C-4DCA1ACDD123}"
EndProject
Project("{9A19103F-16F7-4668-BE54-9A1E7A4F7556}") = "FolkDanceTime.Dal", "FolkDanceTime.Dal\FolkDanceTime.Dal.csproj", "{36C9F821-8033-4129-8815-2369DFB6D0EC}"
EndProject
Project("{9A19103F-16F7-4668-BE54-9A1E7A4F7556}") = "FolkDanceTime.Web.Server", "FolkDanceTime.Web\Server\FolkDanceTime.Web.Server.csproj", "{A8A5A3B2-C363-41C2-8AD4-D00B9C4423E3}"
EndProject
Project("{9A19103F-16F7-4668-BE54-9A1E7A4F7556}") = "FolkDanceTime.Web.Client", "FolkDanceTime.Web\Client\FolkDanceTime.Web.Client.csproj", "{72035C34-9184-4399-B907-DBDB03C98800}"
	ProjectSection(ProjectDependencies) = postProject
		{64F71152-76A4-4256-9A3C-4DCA1ACDD123} = {64F71152-76A4-4256-9A3C-4DCA1ACDD123}
	EndProjectSection
EndProject
Project("{2150E333-8FDC-42A3-9474-1A3956D46DE8}") = "Solution Items", "Solution Items", "{0255932A-334E-4C52-86AC-15F7B92C0BED}"
	ProjectSection(SolutionItems) = preProject
		.editorconfig = .editorconfig
	EndProjectSection
EndProject
Global
	GlobalSection(SolutionConfigurationPlatforms) = preSolution
		Debug|Any CPU = Debug|Any CPU
		Release|Any CPU = Release|Any CPU
	EndGlobalSection
	GlobalSection(ProjectConfigurationPlatforms) = postSolution
		{64F71152-76A4-4256-9A3C-4DCA1ACDD123}.Debug|Any CPU.ActiveCfg = Debug|Any CPU
		{64F71152-76A4-4256-9A3C-4DCA1ACDD123}.Debug|Any CPU.Build.0 = Debug|Any CPU
		{64F71152-76A4-4256-9A3C-4DCA1ACDD123}.Release|Any CPU.ActiveCfg = Release|Any CPU
		{64F71152-76A4-4256-9A3C-4DCA1ACDD123}.Release|Any CPU.Build.0 = Release|Any CPU
		{36C9F821-8033-4129-8815-2369DFB6D0EC}.Debug|Any CPU.ActiveCfg = Debug|Any CPU
		{36C9F821-8033-4129-8815-2369DFB6D0EC}.Debug|Any CPU.Build.0 = Debug|Any CPU
		{36C9F821-8033-4129-8815-2369DFB6D0EC}.Release|Any CPU.ActiveCfg = Release|Any CPU
		{36C9F821-8033-4129-8815-2369DFB6D0EC}.Release|Any CPU.Build.0 = Release|Any CPU
		{A8A5A3B2-C363-41C2-8AD4-D00B9C4423E3}.Debug|Any CPU.ActiveCfg = Debug|Any CPU
		{A8A5A3B2-C363-41C2-8AD4-D00B9C4423E3}.Debug|Any CPU.Build.0 = Debug|Any CPU
		{A8A5A3B2-C363-41C2-8AD4-D00B9C4423E3}.Release|Any CPU.ActiveCfg = Release|Any CPU
		{A8A5A3B2-C363-41C2-8AD4-D00B9C4423E3}.Release|Any CPU.Build.0 = Release|Any CPU
		{72035C34-9184-4399-B907-DBDB03C98800}.Debug|Any CPU.ActiveCfg = Release|Any CPU
		{72035C34-9184-4399-B907-DBDB03C98800}.Debug|Any CPU.Build.0 = Release|Any CPU
		{72035C34-9184-4399-B907-DBDB03C98800}.Release|Any CPU.ActiveCfg = Release|Any CPU
		{72035C34-9184-4399-B907-DBDB03C98800}.Release|Any CPU.Build.0 = Release|Any CPU
	EndGlobalSection
	GlobalSection(SolutionProperties) = preSolution
		HideSolutionNode = FALSE
	EndGlobalSection
	GlobalSection(ExtensibilityGlobals) = postSolution
		SolutionGuid = {F1D88814-373A-47D5-BC11-15182A1F7146}
	EndGlobalSection
EndGlobal
